
Microsoft Visual Studio Solution File, Format Version 12.00
# Visual Studio Version 16
VisualStudioVersion = 16.0.29326.143
MinimumVisualStudioVersion = 10.0.40219.1
Project("{FAE04EC0-301F-11D3-BF4B-00C04F79EFBC}") = "Interaction", "UpdateBom\Interaction\Interaction.csproj", "{594BAE85-A93A-47B7-B3D8-7A463A93BC63}"
EndProject
Project("{FAE04EC0-301F-11D3-BF4B-00C04F79EFBC}") = "DebugPluginLocally", "UpdateBom\DebugPluginLocally\DebugPluginLocally.csproj", "{83513A59-7558-404F-8C8D-9EE38A3D45E9}"
EndProject
Project("{FAE04EC0-301F-11D3-BF4B-00C04F79EFBC}") = "UpdateBomPlugin", "UpdateBom\UpdateBomPlugin\UpdateBomPlugin.csproj", "{CAA24BBC-B38E-484F-B19A-C7DE003FFBE6}"
EndProject
Global
	GlobalSection(SolutionConfigurationPlatforms) = preSolution
		Debug|Any CPU = Debug|Any CPU
		Release|Any CPU = Release|Any CPU
	EndGlobalSection
	GlobalSection(ProjectConfigurationPlatforms) = postSolution
		{594BAE85-A93A-47B7-B3D8-7A463A93BC63}.Debug|Any CPU.ActiveCfg = Debug|Any CPU
		{594BAE85-A93A-47B7-B3D8-7A463A93BC63}.Debug|Any CPU.Build.0 = Debug|Any CPU
		{594BAE85-A93A-47B7-B3D8-7A463A93BC63}.Release|Any CPU.ActiveCfg = Release|Any CPU
		{594BAE85-A93A-47B7-B3D8-7A463A93BC63}.Release|Any CPU.Build.0 = Release|Any CPU
		{83513A59-7558-404F-8C8D-9EE38A3D45E9}.Debug|Any CPU.ActiveCfg = Debug|Any CPU
		{83513A59-7558-404F-8C8D-9EE38A3D45E9}.Debug|Any CPU.Build.0 = Debug|Any CPU
		{83513A59-7558-404F-8C8D-9EE38A3D45E9}.Release|Any CPU.ActiveCfg = Release|Any CPU
		{83513A59-7558-404F-8C8D-9EE38A3D45E9}.Release|Any CPU.Build.0 = Release|Any CPU
		{CAA24BBC-B38E-484F-B19A-C7DE003FFBE6}.Debug|Any CPU.ActiveCfg = Debug|Any CPU
		{CAA24BBC-B38E-484F-B19A-C7DE003FFBE6}.Debug|Any CPU.Build.0 = Debug|Any CPU
		{CAA24BBC-B38E-484F-B19A-C7DE003FFBE6}.Release|Any CPU.ActiveCfg = Release|Any CPU
		{CAA24BBC-B38E-484F-B19A-C7DE003FFBE6}.Release|Any CPU.Build.0 = Release|Any CPU
	EndGlobalSection
	GlobalSection(SolutionProperties) = preSolution
		HideSolutionNode = FALSE
	EndGlobalSection
	GlobalSection(ExtensibilityGlobals) = postSolution
		SolutionGuid = {A3DC7851-FA43-4338-A789-D2A52FA0BC4E}
	EndGlobalSection
EndGlobal
